<?xml version="1.0" encoding="utf-8"?>
<Project ToolsVersion="4.0" xmlns="http://schemas.microsoft.com/developer/msbuild/2003">
  <ItemGroup>
    <Filter Include="ソース ファイル">
      <UniqueIdentifier>{4FC737F1-C7A5-4376-A066-2A32D752A2FF}</UniqueIdentifier>
      <Extensions>cpp;c;cc;cxx;c++;cppm;ixx;def;odl;idl;hpj;bat;asm;asmx</Extensions>
    </Filter>
    <Filter Include="ヘッダー ファイル">
      <UniqueIdentifier>{93995380-89BD-4b04-88EB-625FBE52EBFB}</UniqueIdentifier>
      <Extensions>h;hh;hpp;hxx;h++;hm;inl;inc;ipp;xsd</Extensions>
    </Filter>
    <Filter Include="リソース ファイル">
      <UniqueIdentifier>{67DA6AB6-F800-4c08-8B7A-83BB121AAD01}</UniqueIdentifier>
      <Extensions>rc;ico;cur;bmp;dlg;rc2;rct;bin;rgs;gif;jpg;jpeg;jpe;resx;tiff;tif;png;wav;mfcribbon-ms</Extensions>
    </Filter>
    <Filter Include="ソース ファイル\Framework">
      <UniqueIdentifier>{d0aaa46f-c9d8-4ca0-b1d6-5555d308f146}</UniqueIdentifier>
    </Filter>
    <Filter Include="ソース ファイル\Framework\Utils">
      <UniqueIdentifier>{21dafe52-0800-4309-a6ea-ad80c5cb44ef}</UniqueIdentifier>
    </Filter>
    <Filter Include="ソース ファイル\Framework\Core">
      <UniqueIdentifier>{04b21f0c-b05c-4d37-abf3-0e4bc7b47bad}</UniqueIdentifier>
    </Filter>
    <Filter Include="リソース ファイル\VertexShader">
      <UniqueIdentifier>{0f98a36c-12b1-4b83-8784-175c839ab463}</UniqueIdentifier>
    </Filter>
    <Filter Include="ソース ファイル\Framework\Scenes">
      <UniqueIdentifier>{c93de8a7-8b0e-4557-a47e-e74ef04697cd}</UniqueIdentifier>
    </Filter>
    <Filter Include="ソース ファイル\Scenes">
      <UniqueIdentifier>{88d41e81-8cda-40d9-aa22-b6c04fbdc77d}</UniqueIdentifier>
    </Filter>
    <Filter Include="ヘッダー ファイル\Core">
      <UniqueIdentifier>{370cb1be-6a2c-45dc-a4d5-23fd4cdeacba}</UniqueIdentifier>
    </Filter>
    <Filter Include="ヘッダー ファイル\Scenes">
      <UniqueIdentifier>{d45f5e43-634d-40c5-9fe4-3c13e58637db}</UniqueIdentifier>
    </Filter>
    <Filter Include="ヘッダー ファイル\Utils">
      <UniqueIdentifier>{5a51c33b-61e3-472c-a03c-4db9cd0432f3}</UniqueIdentifier>
    </Filter>
    <Filter Include="リソース ファイル\PixelShader">
      <UniqueIdentifier>{1d65b21d-29d6-40e1-801b-db3f952753bd}</UniqueIdentifier>
    </Filter>
    <Filter Include="ソース ファイル\Framework\Event">
      <UniqueIdentifier>{24886c2e-1ec5-4671-9270-aaf15e21947f}</UniqueIdentifier>
    </Filter>
    <Filter Include="ヘッダー ファイル\Event">
      <UniqueIdentifier>{b561c57e-b4b2-469b-8be3-15712e803b7e}</UniqueIdentifier>
    </Filter>
    <Filter Include="ソース ファイル\Framework\Entities">
      <UniqueIdentifier>{11aa4265-b643-42e2-87ec-fe475ee9d39e}</UniqueIdentifier>
    </Filter>
    <Filter Include="ヘッダー ファイル\Entities">
      <UniqueIdentifier>{06c859ff-18f7-47e1-b9c7-9c9f7a634647}</UniqueIdentifier>
    </Filter>
  </ItemGroup>
  <ItemGroup>
    <ClCompile Include="src\Framework\main.cpp">
      <Filter>ソース ファイル</Filter>
    </ClCompile>
    <ClCompile Include="src\Framework\Core\WindowsSystem.cpp">
      <Filter>ソース ファイル\Framework\Core</Filter>
    </ClCompile>
    <ClCompile Include="src\Framework\Core\D3D11System.cpp">
      <Filter>ソース ファイル\Framework\Core</Filter>
    </ClCompile>
    <ClCompile Include="src\Framework\Utils\DebugHooks.cpp">
      <Filter>ソース ファイル\Framework\Utils</Filter>
    </ClCompile>
    <ClCompile Include="src\Framework\Core\RenderSystem.cpp">
      <Filter>ソース ファイル\Framework\Core</Filter>
    </ClCompile>
    <ClCompile Include="src\Framework\Scenes\BaseScene.cpp">
      <Filter>ソース ファイル\Framework\Scenes</Filter>
    </ClCompile>
    <ClCompile Include="src\Framework\Scenes\SceneFactory.cpp">
      <Filter>ソース ファイル\Framework\Scenes</Filter>
    </ClCompile>
    <ClCompile Include="src\Scenes\TestScene.cpp">
      <Filter>ソース ファイル\Scenes</Filter>
    </ClCompile>
    <ClCompile Include="src\Scenes\SceneManager.cpp">
      <Filter>ソース ファイル\Scenes</Filter>
    </ClCompile>
    <ClCompile Include="src\Scenes\TitleScene.cpp">
      <Filter>ソース ファイル\Scenes</Filter>
    </ClCompile>
    <ClCompile Include="src\Framework\Core\Application.cpp">
      <Filter>ソース ファイル\Framework\Core</Filter>
    </ClCompile>
    <ClCompile Include="src\Framework\Core\DirectinputDevice.cpp">
      <Filter>ソース ファイル\Framework\Core</Filter>
    </ClCompile>
    <ClCompile Include="src\Framework\Core\GameLoop.cpp">
      <Filter>ソース ファイル\Framework\Core</Filter>
    </ClCompile>
    <ClCompile Include="src\Framework\Core\InputSystem.cpp">
      <Filter>ソース ファイル\Framework\Core</Filter>
    </ClCompile>
    <ClCompile Include="src\Framework\Entities\GameObject.cpp">
      <Filter>ソース ファイル\Framework\Entities</Filter>
    </ClCompile>
    <ClCompile Include="src\Framework\Entities\GameObjectManager.cpp">
      <Filter>ソース ファイル\Framework\Entities</Filter>
    </ClCompile>
    <ClCompile Include="src\Framework\Entities\Transform.cpp">
      <Filter>ソース ファイル\Framework\Entities</Filter>
    </ClCompile>
    <ClCompile Include="src\Framework\Entities\Camera2D.cpp">
      <Filter>ソース ファイル\Framework\Entities</Filter>
    </ClCompile>
    <ClCompile Include="src\Framework\Core\SpriteManager.cpp">
      <Filter>ソース ファイル\Framework\Core</Filter>
    </ClCompile>
    <ClCompile Include="src\Framework\Entities\TestRenderer.cpp">
      <Filter>ソース ファイル\Framework\Entities</Filter>
    </ClCompile>
    <ClCompile Include="src\Tests\TestMoveComponent.cpp">
      <Filter>ソース ファイル\Framework\Entities</Filter>
    </ClCompile>
  </ItemGroup>
  <ItemGroup>
    <ClInclude Include="src\Framework\Core\Application.h">
      <Filter>ヘッダー ファイル\Core</Filter>
    </ClInclude>
    <ClInclude Include="src\Framework\Core\D3D11System.h">
      <Filter>ヘッダー ファイル\Core</Filter>
    </ClInclude>
    <ClInclude Include="src\Framework\Core\DirectInputDevice.h">
      <Filter>ヘッダー ファイル\Core</Filter>
    </ClInclude>
    <ClInclude Include="src\Framework\Core\FPS.h">
      <Filter>ヘッダー ファイル\Core</Filter>
    </ClInclude>
    <ClInclude Include="src\Framework\Core\GameLoop.h">
      <Filter>ヘッダー ファイル\Core</Filter>
    </ClInclude>
    <ClInclude Include="src\Framework\Core\IInputDevice.h">
      <Filter>ヘッダー ファイル\Core</Filter>
    </ClInclude>
    <ClInclude Include="src\Framework\Core\InputSystem.h">
      <Filter>ヘッダー ファイル\Core</Filter>
    </ClInclude>
    <ClInclude Include="src\Framework\Core\RenderSystem.h">
      <Filter>ヘッダー ファイル\Core</Filter>
    </ClInclude>
    <ClInclude Include="src\Framework\Core\SystemLocator.h">
      <Filter>ヘッダー ファイル\Core</Filter>
    </ClInclude>
    <ClInclude Include="src\Framework\Core\WindowSystem.h">
      <Filter>ヘッダー ファイル\Core</Filter>
    </ClInclude>
    <ClInclude Include="src\Framework\Scenes\BaseScene.h">
      <Filter>ヘッダー ファイル\Scenes</Filter>
    </ClInclude>
    <ClInclude Include="src\Framework\Scenes\SceneFactory.h">
      <Filter>ヘッダー ファイル\Scenes</Filter>
    </ClInclude>
    <ClInclude Include="src\Framework\Scenes\SceneType.h">
      <Filter>ヘッダー ファイル\Scenes</Filter>
    </ClInclude>
    <ClInclude Include="src\Framework\Utils\DebugHooks.h">
      <Filter>ヘッダー ファイル\Utils</Filter>
    </ClInclude>
    <ClInclude Include="src\Framework\Utils\NonCopyable.h">
      <Filter>ヘッダー ファイル\Utils</Filter>
    </ClInclude>
    <ClInclude Include="src\Framework\Event\GameObjectEvent.h">
      <Filter>ヘッダー ファイル\Event</Filter>
    </ClInclude>
    <ClInclude Include="src\Framework\Entities\GameObject.h">
      <Filter>ヘッダー ファイル\Entities</Filter>
    </ClInclude>
    <ClInclude Include="src\Framework\Entities\Component.h">
      <Filter>ヘッダー ファイル\Entities</Filter>
    </ClInclude>
    <ClInclude Include="src\Framework\Entities\GameObjectManager.h">
      <Filter>ヘッダー ファイル\Entities</Filter>
    </ClInclude>
    <ClInclude Include="src\Framework\Entities\PhaseInterfaces.h">
      <Filter>ヘッダー ファイル\Entities</Filter>
    </ClInclude>
    <ClInclude Include="src\Framework\Entities\TestComponent.h">
      <Filter>ヘッダー ファイル\Entities</Filter>
    </ClInclude>
    <ClInclude Include="src\Scenes\TestScene.h">
      <Filter>ヘッダー ファイル\Scenes</Filter>
    </ClInclude>
    <ClInclude Include="src\Scenes\SceneManager.h">
      <Filter>ヘッダー ファイル\Scenes</Filter>
    </ClInclude>
    <ClInclude Include="src\Scenes\TitleScene.h">
      <Filter>ヘッダー ファイル\Scenes</Filter>
    </ClInclude>
    <ClInclude Include="src\Framework\Entities\Transform.h">
      <Filter>ヘッダー ファイル\Entities</Filter>
    </ClInclude>
    <ClInclude Include="src\Framework\Utils\CommonTypes.h">
      <Filter>ヘッダー ファイル\Utils</Filter>
    </ClInclude>
    <ClInclude Include="src\Framework\Entities\Camera2D.h">
      <Filter>ヘッダー ファイル\Entities</Filter>
    </ClInclude>
    <ClInclude Include="src\Framework\Core\IResourceManager.h">
      <Filter>ヘッダー ファイル\Core</Filter>
    </ClInclude>
    <ClInclude Include="src\Framework\Core\SpriteManager.h">
      <Filter>ヘッダー ファイル\Core</Filter>
    </ClInclude>
    <ClInclude Include="src\Framework\Core\ResourceHub.h">
      <Filter>ヘッダー ファイル\Core</Filter>
    </ClInclude>
    <ClInclude Include="src\Framework\Graphics\Sprite.h">
      <Filter>ヘッダー ファイル\Entities</Filter>
    </ClInclude>
    <ClInclude Include="src\Framework\Entities\TestRenderer.h">
      <Filter>ヘッダー ファイル\Entities</Filter>
    </ClInclude>
    <ClInclude Include="src\Tests\TestMoveComponent.h">
      <Filter>ソース ファイル\Framework\Entities</Filter>
    </ClInclude>
  </ItemGroup>
  <ItemGroup>
    <FxCompile Include="src\Framework\Graphics\Shaders\VertexShader\VS_Test.hlsl">
      <Filter>リソース ファイル\VertexShader</Filter>
    </FxCompile>
    <FxCompile Include="src\Framework\Graphics\Shaders\PixelShader\PS_Test.hlsl">
      <Filter>リソース ファイル\PixelShader</Filter>
    </FxCompile>
  </ItemGroup>
  <ItemGroup>
    <None Include="src\Framework\Graphics\Shaders\Common.hlsli" />
  </ItemGroup>
</Project>