<?xml version="1.0" encoding="utf-8"?>
<Project ToolsVersion="4.0" xmlns="http://schemas.microsoft.com/developer/msbuild/2003">
  <ItemGroup>
    <Filter Include="ソース ファイル">
      <UniqueIdentifier>{4FC737F1-C7A5-4376-A066-2A32D752A2FF}</UniqueIdentifier>
      <Extensions>cpp;c;cc;cxx;c++;cppm;ixx;def;odl;idl;hpj;bat;asm;asmx</Extensions>
    </Filter>
    <Filter Include="ヘッダー ファイル">
      <UniqueIdentifier>{93995380-89BD-4b04-88EB-625FBE52EBFB}</UniqueIdentifier>
      <Extensions>h;hh;hpp;hxx;h++;hm;inl;inc;ipp;xsd</Extensions>
    </Filter>
    <Filter Include="リソース ファイル">
      <UniqueIdentifier>{67DA6AB6-F800-4c08-8B7A-83BB121AAD01}</UniqueIdentifier>
      <Extensions>rc;ico;cur;bmp;dlg;rc2;rct;bin;rgs;gif;jpg;jpeg;jpe;resx;tiff;tif;png;wav;mfcribbon-ms</Extensions>
    </Filter>
    <Filter Include="ソース ファイル\Framework">
      <UniqueIdentifier>{d0aaa46f-c9d8-4ca0-b1d6-5555d308f146}</UniqueIdentifier>
    </Filter>
    <Filter Include="ソース ファイル\Framework\Utils">
      <UniqueIdentifier>{21dafe52-0800-4309-a6ea-ad80c5cb44ef}</UniqueIdentifier>
    </Filter>
    <Filter Include="ソース ファイル\Framework\Core">
      <UniqueIdentifier>{04b21f0c-b05c-4d37-abf3-0e4bc7b47bad}</UniqueIdentifier>
    </Filter>
    <Filter Include="リソース ファイル\VertexShader">
      <UniqueIdentifier>{0f98a36c-12b1-4b83-8784-175c839ab463}</UniqueIdentifier>
    </Filter>
    <Filter Include="リソース ファイル\PixelShader">
      <UniqueIdentifier>{1d65b21d-29d6-40e1-801b-db3f952753bd}</UniqueIdentifier>
    </Filter>
    <Filter Include="ソース ファイル\Framework\Scenes">
      <UniqueIdentifier>{c93de8a7-8b0e-4557-a47e-e74ef04697cd}</UniqueIdentifier>
    </Filter>
    <Filter Include="ソース ファイル\Scenes">
      <UniqueIdentifier>{88d41e81-8cda-40d9-aa22-b6c04fbdc77d}</UniqueIdentifier>
    </Filter>
  </ItemGroup>
  <ItemGroup>
    <ClCompile Include="src\Framework\main.cpp">
      <Filter>ソース ファイル</Filter>
    </ClCompile>
    <ClCompile Include="src\Framework\Core\WindowsSystem.cpp">
      <Filter>ソース ファイル\Framework\Core</Filter>
    </ClCompile>
    <ClCompile Include="src\Framework\Core\D3D11System.cpp">
      <Filter>ソース ファイル\Framework\Core</Filter>
    </ClCompile>
    <ClCompile Include="src\Framework\Utils\DebugHooks.cpp">
      <Filter>ソース ファイル\Framework\Utils</Filter>
    </ClCompile>
    <ClCompile Include="src\Framework\Core\RenderSystem.cpp">
      <Filter>ソース ファイル\Framework\Core</Filter>
    </ClCompile>
    <ClCompile Include="src\Framework\Scenes\BaseScene.cpp">
      <Filter>ソース ファイル\Framework\Scenes</Filter>
    </ClCompile>
    <ClCompile Include="src\Framework\Scenes\SceneFactory.cpp">
      <Filter>ソース ファイル\Framework\Scenes</Filter>
    </ClCompile>
    <ClCompile Include="src\Scenes\TestScene.cpp">
      <Filter>ソース ファイル\Scenes</Filter>
    </ClCompile>
    <ClCompile Include="src\Scenes\SceneManager.cpp">
      <Filter>ソース ファイル\Scenes</Filter>
    </ClCompile>
    <ClCompile Include="src\Scenes\TitleScene.cpp">
      <Filter>ソース ファイル\Scenes</Filter>
    </ClCompile>
    <ClCompile Include="src\Framework\Core\Application.cpp">
      <Filter>ソース ファイル\Framework\Core</Filter>
    </ClCompile>
    <ClCompile Include="src\Framework\Core\DirectinputDevice.cpp">
      <Filter>ソース ファイル\Framework\Core</Filter>
    </ClCompile>
    <ClCompile Include="src\Framework\Core\GameLoop.cpp">
      <Filter>ソース ファイル\Framework\Core</Filter>
    </ClCompile>
    <ClCompile Include="src\Framework\Core\InputSystem.cpp">
      <Filter>ソース ファイル\Framework\Core</Filter>
    </ClCompile>
  </ItemGroup>
  <ItemGroup>
    <ClInclude Include="src\Framework\Utils\NonCopyable.h">
      <Filter>ソース ファイル\Framework\Utils</Filter>
    </ClInclude>
    <ClInclude Include="src\Framework\Core\WindowSystem.h">
      <Filter>ソース ファイル\Framework\Core</Filter>
    </ClInclude>
    <ClInclude Include="src\Framework\Core\D3D11System.h">
      <Filter>ソース ファイル\Framework\Core</Filter>
    </ClInclude>
    <ClInclude Include="src\Framework\Utils\DebugHooks.h">
      <Filter>ソース ファイル\Framework\Utils</Filter>
    </ClInclude>
    <ClInclude Include="src\Framework\Core\RenderSystem.h">
      <Filter>ソース ファイル\Framework\Core</Filter>
    </ClInclude>
    <ClInclude Include="src\Framework\Scenes\BaseScene.h">
      <Filter>ソース ファイル\Framework\Scenes</Filter>
    </ClInclude>
    <ClInclude Include="src\Framework\Scenes\SceneFactory.h">
      <Filter>ソース ファイル\Framework\Scenes</Filter>
    </ClInclude>
    <ClInclude Include="src\Framework\Scenes\SceneType.h">
      <Filter>ソース ファイル\Framework\Scenes</Filter>
    </ClInclude>
    <ClInclude Include="src\Scenes\TestScene.h">
      <Filter>ソース ファイル\Scenes</Filter>
    </ClInclude>
    <ClInclude Include="src\Scenes\SceneManager.h">
      <Filter>ソース ファイル\Scenes</Filter>
    </ClInclude>
    <ClInclude Include="src\Scenes\TitleScene.h">
      <Filter>ソース ファイル\Scenes</Filter>
    </ClInclude>
    <ClInclude Include="src\Framework\Core\FPS.h">
      <Filter>ソース ファイル\Framework\Core</Filter>
    </ClInclude>
    <ClInclude Include="src\Framework\Core\Application.h">
      <Filter>ソース ファイル\Framework\Core</Filter>
    </ClInclude>
    <ClInclude Include="src\Framework\Core\SystemLocator.h">
      <Filter>ソース ファイル\Framework\Core</Filter>
    </ClInclude>
    <ClInclude Include="src\Framework\Core\IInputDevice.h">
      <Filter>ソース ファイル\Framework\Core</Filter>
    </ClInclude>
    <ClInclude Include="src\Framework\Core\DirectInputDevice.h">
      <Filter>ソース ファイル\Framework\Core</Filter>
    </ClInclude>
    <ClInclude Include="src\Framework\Core\GameLoop.h">
      <Filter>ソース ファイル\Framework\Core</Filter>
    </ClInclude>
    <ClInclude Include="src\Framework\Core\InputSystem.h">
      <Filter>ソース ファイル\Framework\Core</Filter>
    </ClInclude>
  </ItemGroup>
  <ItemGroup>
    <FxCompile Include="src\Framework\Graphics\Shaders\VertexShader\VS_Test.hlsl">
      <Filter>リソース ファイル\VertexShader</Filter>
    </FxCompile>
    <FxCompile Include="src\Framework\Graphics\Shaders\PixelShader\PS_Test.hlsl">
      <Filter>リソース ファイル\PixelShader</Filter>
    </FxCompile>
  </ItemGroup>
  <ItemGroup>
    <None Include="src\Framework\Graphics\Shaders\Common.hlsli" />
  </ItemGroup>
</Project>