<?xml version="1.0" encoding="utf-8"?>
<Project ToolsVersion="4.0" xmlns="http://schemas.microsoft.com/developer/msbuild/2003">
  <ItemGroup>
    <Filter Include="ソース ファイル">
      <UniqueIdentifier>{4FC737F1-C7A5-4376-A066-2A32D752A2FF}</UniqueIdentifier>
      <Extensions>cpp;c;cc;cxx;c++;cppm;ixx;def;odl;idl;hpj;bat;asm;asmx</Extensions>
    </Filter>
    <Filter Include="ヘッダー ファイル">
      <UniqueIdentifier>{93995380-89BD-4b04-88EB-625FBE52EBFB}</UniqueIdentifier>
      <Extensions>h;hh;hpp;hxx;h++;hm;inl;inc;ipp;xsd</Extensions>
    </Filter>
    <Filter Include="リソース ファイル">
      <UniqueIdentifier>{67DA6AB6-F800-4c08-8B7A-83BB121AAD01}</UniqueIdentifier>
      <Extensions>rc;ico;cur;bmp;dlg;rc2;rct;bin;rgs;gif;jpg;jpeg;jpe;resx;tiff;tif;png;wav;mfcribbon-ms</Extensions>
    </Filter>
    <Filter Include="ソース ファイル\Framework">
      <UniqueIdentifier>{d0aaa46f-c9d8-4ca0-b1d6-5555d308f146}</UniqueIdentifier>
    </Filter>
    <Filter Include="ソース ファイル\Framework\Utils">
      <UniqueIdentifier>{21dafe52-0800-4309-a6ea-ad80c5cb44ef}</UniqueIdentifier>
    </Filter>
    <Filter Include="ソース ファイル\Framework\Core">
      <UniqueIdentifier>{04b21f0c-b05c-4d37-abf3-0e4bc7b47bad}</UniqueIdentifier>
    </Filter>
    <Filter Include="リソース ファイル\VertexShader">
      <UniqueIdentifier>{0f98a36c-12b1-4b83-8784-175c839ab463}</UniqueIdentifier>
    </Filter>
    <Filter Include="ソース ファイル\Framework\Scenes">
      <UniqueIdentifier>{c93de8a7-8b0e-4557-a47e-e74ef04697cd}</UniqueIdentifier>
    </Filter>
    <Filter Include="ソース ファイル\Scenes">
      <UniqueIdentifier>{88d41e81-8cda-40d9-aa22-b6c04fbdc77d}</UniqueIdentifier>
    </Filter>
    <Filter Include="リソース ファイル\PixelShader">
      <UniqueIdentifier>{1d65b21d-29d6-40e1-801b-db3f952753bd}</UniqueIdentifier>
    </Filter>
    <Filter Include="ソース ファイル\Framework\Entities">
      <UniqueIdentifier>{11aa4265-b643-42e2-87ec-fe475ee9d39e}</UniqueIdentifier>
    </Filter>
    <Filter Include="ソース ファイル\Framework\Shaders">
      <UniqueIdentifier>{c87160b0-5046-4ccf-92ab-a29d3829580d}</UniqueIdentifier>
    </Filter>
    <Filter Include="ソース ファイル\Framework\Events">
      <UniqueIdentifier>{24886c2e-1ec5-4671-9270-aaf15e21947f}</UniqueIdentifier>
    </Filter>
    <Filter Include="ソース ファイル\Framework\Graphics">
      <UniqueIdentifier>{b835eb0b-d768-463a-a355-952fe18ab57a}</UniqueIdentifier>
    </Filter>
    <Filter Include="ソース ファイル\Test">
      <UniqueIdentifier>{994f75cd-c754-4a86-a9dd-eacbdaf95631}</UniqueIdentifier>
    </Filter>
    <Filter Include="ヘッダー ファイル\Framework">
      <UniqueIdentifier>{619d01e0-464f-4a5e-a498-4bf995775bc2}</UniqueIdentifier>
    </Filter>
    <Filter Include="ヘッダー ファイル\Framework\Core">
      <UniqueIdentifier>{370cb1be-6a2c-45dc-a4d5-23fd4cdeacba}</UniqueIdentifier>
    </Filter>
    <Filter Include="ヘッダー ファイル\Framework\Entities">
      <UniqueIdentifier>{06c859ff-18f7-47e1-b9c7-9c9f7a634647}</UniqueIdentifier>
    </Filter>
    <Filter Include="ヘッダー ファイル\Framework\Event">
      <UniqueIdentifier>{b561c57e-b4b2-469b-8be3-15712e803b7e}</UniqueIdentifier>
    </Filter>
    <Filter Include="ヘッダー ファイル\Framework\Shader">
      <UniqueIdentifier>{6b101b7c-dd78-4fd7-b3d8-0ce97ccdd36d}</UniqueIdentifier>
    </Filter>
    <Filter Include="ヘッダー ファイル\Framework\Utils">
      <UniqueIdentifier>{5a51c33b-61e3-472c-a03c-4db9cd0432f3}</UniqueIdentifier>
    </Filter>
    <Filter Include="ヘッダー ファイル\Framework\Graphics">
      <UniqueIdentifier>{41e2de51-6b78-4dc4-8267-27c30d39d46f}</UniqueIdentifier>
    </Filter>
    <Filter Include="ヘッダー ファイル\Framework\Scenes">
      <UniqueIdentifier>{d45f5e43-634d-40c5-9fe4-3c13e58637db}</UniqueIdentifier>
    </Filter>
    <Filter Include="ヘッダー ファイル\Test">
      <UniqueIdentifier>{d73fd882-447d-46e6-a032-e0502ac3223c}</UniqueIdentifier>
    </Filter>
    <Filter Include="ヘッダー ファイル\Game">
      <UniqueIdentifier>{189f7986-fd27-4101-bebf-825f63058d55}</UniqueIdentifier>
    </Filter>
    <Filter Include="ヘッダー ファイル\Game\Entities">
      <UniqueIdentifier>{40f1b8b6-8fa7-4dee-990d-61795572fe25}</UniqueIdentifier>
    </Filter>
    <Filter Include="ソース ファイル\Framework\Game">
      <UniqueIdentifier>{0b868e0f-2d9f-4c4c-8316-31eb8151495f}</UniqueIdentifier>
    </Filter>
    <Filter Include="ソース ファイル\Framework\Game\Entities">
      <UniqueIdentifier>{41ffed4d-7ec4-497c-82c0-17396bc8f31e}</UniqueIdentifier>
    </Filter>
  </ItemGroup>
  <ItemGroup>
    <ClInclude Include="Code\Include\Framework\Core\Application.h">
      <Filter>ヘッダー ファイル\Framework\Core</Filter>
    </ClInclude>
    <ClInclude Include="Code\Include\Framework\Core\D3D11System.h">
      <Filter>ヘッダー ファイル\Framework\Core</Filter>
    </ClInclude>
    <ClInclude Include="Code\Include\Framework\Entities\Component.h">
      <Filter>ヘッダー ファイル\Framework\Entities</Filter>
    </ClInclude>
    <ClInclude Include="Code\Include\Framework\Utils\CommonTypes.h">
      <Filter>ヘッダー ファイル\Framework\Utils</Filter>
    </ClInclude>
    <ClInclude Include="Code\Include\Framework\Entities\Camera2D.h">
      <Filter>ヘッダー ファイル\Framework\Entities</Filter>
    </ClInclude>
    <ClInclude Include="Code\Include\Framework\Utils\DebugHooks.h">
      <Filter>ヘッダー ファイル\Framework\Utils</Filter>
    </ClInclude>
    <ClInclude Include="Code\Include\Framework\Core\DirectInputDevice.h">
      <Filter>ヘッダー ファイル\Framework\Core</Filter>
    </ClInclude>
    <ClInclude Include="Code\Include\Framework\Core\GameLoop.h">
      <Filter>ヘッダー ファイル\Framework\Core</Filter>
    </ClInclude>
    <ClInclude Include="Code\Include\Framework\Entities\GameObject.h">
      <Filter>ヘッダー ファイル\Framework\Entities</Filter>
    </ClInclude>
    <ClInclude Include="Code\Include\Framework\Event\GameObjectEvent.h">
      <Filter>ヘッダー ファイル\Framework\Event</Filter>
    </ClInclude>
    <ClInclude Include="Code\Include\Framework\Entities\GameObjectManager.h">
      <Filter>ヘッダー ファイル\Framework\Core</Filter>
    </ClInclude>
    <ClInclude Include="Code\Include\Framework\Core\IInputDevice.h">
      <Filter>ヘッダー ファイル\Framework\Core</Filter>
    </ClInclude>
    <ClInclude Include="Code\Include\Framework\Core\InputSystem.h">
      <Filter>ヘッダー ファイル\Framework\Core</Filter>
    </ClInclude>
    <ClInclude Include="Code\Include\Framework\Core\IResourceManager.h">
      <Filter>ヘッダー ファイル\Framework\Core</Filter>
    </ClInclude>
    <ClInclude Include="Code\Include\Framework\Utils\NonCopyable.h">
      <Filter>ヘッダー ファイル\Framework\Utils</Filter>
    </ClInclude>
    <ClInclude Include="Code\Include\Framework\Entities\PhaseInterfaces.h">
      <Filter>ヘッダー ファイル\Framework\Entities</Filter>
    </ClInclude>
    <ClInclude Include="Code\Include\Framework\Shaders\PixelShader.h">
      <Filter>ヘッダー ファイル\Framework\Shader</Filter>
    </ClInclude>
    <ClInclude Include="Code\Include\Framework\Core\RenderSystem.h">
      <Filter>ヘッダー ファイル\Framework\Core</Filter>
    </ClInclude>
    <ClInclude Include="Code\Include\Framework\Core\ResourceHub.h">
      <Filter>ヘッダー ファイル\Framework\Core</Filter>
    </ClInclude>
    <ClInclude Include="Code\Include\Framework\Scenes\SceneFactory.h">
      <Filter>ヘッダー ファイル\Framework\Scenes</Filter>
    </ClInclude>
    <ClInclude Include="Code\Include\Framework\Scenes\SceneType.h">
      <Filter>ヘッダー ファイル\Framework\Scenes</Filter>
    </ClInclude>
    <ClInclude Include="Code\Include\Scenes\SceneManager.h">
      <Filter>ヘッダー ファイル\Framework\Scenes</Filter>
    </ClInclude>
    <ClInclude Include="Code\Include\Framework\Shaders\ShaderBase.h">
      <Filter>ヘッダー ファイル\Framework\Scenes</Filter>
    </ClInclude>
    <ClInclude Include="Code\Include\Framework\Shaders\ShaderCommon.h">
      <Filter>ヘッダー ファイル\Framework\Shader</Filter>
    </ClInclude>
    <ClInclude Include="Code\Include\Framework\Shaders\ShaderManager.h">
      <Filter>ヘッダー ファイル\Framework\Shader</Filter>
    </ClInclude>
    <ClInclude Include="Code\Include\Framework\Graphics\SpriteManager.h">
      <Filter>ヘッダー ファイル\Framework\Graphics</Filter>
    </ClInclude>
    <ClInclude Include="Code\Include\Framework\Core\SystemLocator.h">
      <Filter>ヘッダー ファイル\Framework\Core</Filter>
    </ClInclude>
    <ClInclude Include="Code\Include\Framework\Entities\TestComponent.h">
      <Filter>ヘッダー ファイル\Test</Filter>
    </ClInclude>
    <ClInclude Include="Code\Include\Tests\TestMoveComponent.h">
      <Filter>ヘッダー ファイル\Test</Filter>
    </ClInclude>
    <ClInclude Include="Code\Include\Framework\Entities\TestRenderer.h">
      <Filter>ヘッダー ファイル\Test</Filter>
    </ClInclude>
    <ClInclude Include="Code\Include\Scenes\TestScene.h">
      <Filter>ヘッダー ファイル\Test</Filter>
    </ClInclude>
    <ClInclude Include="Code\Include\Scenes\TitleScene.h">
      <Filter>ヘッダー ファイル\Framework\Scenes</Filter>
    </ClInclude>
    <ClInclude Include="Code\Include\Framework\Entities\Transform.h">
      <Filter>ヘッダー ファイル\Framework\Entities</Filter>
    </ClInclude>
    <ClInclude Include="Code\Include\Framework\Shaders\VertexShader.h">
      <Filter>ヘッダー ファイル\Framework\Shader</Filter>
    </ClInclude>
    <ClInclude Include="Code\Include\Framework\Core\WindowSystem.h">
      <Filter>ヘッダー ファイル\Framework\Core</Filter>
    </ClInclude>
    <ClInclude Include="Code\Include\Framework\Core\EngineServices.h">
      <Filter>ヘッダー ファイル\Framework\Core</Filter>
    </ClInclude>
    <ClInclude Include="Code\Include\Framework\Entities\SpriteComponent.h">
      <Filter>ヘッダー ファイル\Framework\Entities</Filter>
    </ClInclude>
    <ClInclude Include="Code\Include\Framework\Graphics\BufferBase.h">
      <Filter>ヘッダー ファイル\Framework\Graphics</Filter>
    </ClInclude>
    <ClInclude Include="Code\Include\Framework\Graphics\ConstantBuffer.h">
      <Filter>ヘッダー ファイル\Framework\Graphics</Filter>
    </ClInclude>
    <ClInclude Include="Code\Include\Framework\Graphics\IndexBuffer.h">
      <Filter>ヘッダー ファイル\Framework\Graphics</Filter>
    </ClInclude>
    <ClInclude Include="Code\Include\Framework\Graphics\VertexBuffer.h">
      <Filter>ヘッダー ファイル\Framework\Graphics</Filter>
    </ClInclude>
    <ClInclude Include="Code\Include\Framework\Graphics\DynamicConstantBuffer.h">
      <Filter>ヘッダー ファイル\Framework\Graphics</Filter>
    </ClInclude>
    <ClInclude Include="Code\Include\Framework\Graphics\Material.h">
      <Filter>ヘッダー ファイル\Framework\Graphics</Filter>
    </ClInclude>
    <ClInclude Include="Code\Include\Framework\Graphics\MaterialManager.h">
      <Filter>ヘッダー ファイル\Framework\Graphics</Filter>
    </ClInclude>
    <ClInclude Include="Code\Include\Framework\Entities\MaterialComponent.h">
      <Filter>ヘッダー ファイル\Framework\Entities</Filter>
    </ClInclude>
    <ClInclude Include="Code\Include\Framework\Entities\Camera3D.h">
      <Filter>ヘッダー ファイル\Framework\Entities</Filter>
    </ClInclude>
    <ClInclude Include="Code\Include\Framework\Entities\SpriteRenderer.h">
      <Filter>ヘッダー ファイル\Framework\Entities</Filter>
    </ClInclude>
    <ClInclude Include="Code\Include\Framework\Entities\MeshRenderer.h">
      <Filter>ヘッダー ファイル\Framework\Entities</Filter>
    </ClInclude>
    <ClInclude Include="Code\Include\Framework\Graphics\MeshManager.h">
      <Filter>ヘッダー ファイル\Framework\Graphics</Filter>
    </ClInclude>
    <ClInclude Include="Code\Include\Framework\Graphics\PrimitiveMeshData.h">
      <Filter>ヘッダー ファイル\Framework\Graphics</Filter>
    </ClInclude>
    <ClInclude Include="Code\Include\Framework\Graphics\ModelData.h">
      <Filter>ヘッダー ファイル\Framework\Graphics</Filter>
    </ClInclude>
    <ClInclude Include="Code\Include\Framework\Graphics\ModelImporter.h">
      <Filter>ヘッダー ファイル\Framework\Graphics</Filter>
    </ClInclude>
    <ClInclude Include="Code\Include\Framework\Graphics\TextureLoader.h">
      <Filter>ヘッダー ファイル\Framework\Graphics</Filter>
    </ClInclude>
    <ClInclude Include="Code\Include\Framework\Utils\TreeNode.h">
      <Filter>ヘッダー ファイル\Framework\Graphics</Filter>
    </ClInclude>
    <ClInclude Include="Code\Include\Framework\Graphics\Mesh.h">
      <Filter>ヘッダー ファイル\Framework\Graphics</Filter>
    </ClInclude>
    <ClInclude Include="Code\Include\Framework\Entities\MeshComponent.h">
      <Filter>ヘッダー ファイル\Framework\Entities</Filter>
    </ClInclude>
    <ClInclude Include="Code\Include\Game\Entities\CharacterController.h">
      <Filter>ヘッダー ファイル\Game\Entities</Filter>
    </ClInclude>
    <ClInclude Include="Code\Include\Game\Entities\FollowCamera.h">
      <Filter>ヘッダー ファイル\Game\Entities</Filter>
    </ClInclude>
    <ClInclude Include="Code\Include\Framework\Core\TimeSystem.h">
      <Filter>ヘッダー ファイル\Framework\Core</Filter>
    </ClInclude>
    <ClInclude Include="Code\Include\Framework\Core\TimeScaleSystem.h">
      <Filter>ヘッダー ファイル\Framework\Core</Filter>
    </ClInclude>
    <ClInclude Include="Code\Include\Game\Entities\CameraLookComponent.h">
      <Filter>ヘッダー ファイル\Game\Entities</Filter>
    </ClInclude>
    <ClInclude Include="Code\Include\Tests\FreeMoveTestComponent.h">
      <Filter>ヘッダー ファイル\Test</Filter>
    </ClInclude>
    <ClInclude Include="Code\Include\Tests\TimeScaleTestComponent.h">
      <Filter>ヘッダー ファイル\Test</Filter>
    </ClInclude>
    <ClInclude Include="Code\Include\Framework\Entities\TimeScaleComponent.h">
      <Filter>ソース ファイル\Framework\Entities</Filter>
    </ClInclude>
  </ItemGroup>
  <ItemGroup>
    <ClCompile Include="Code\Source\Framework\main.cpp">
      <Filter>ソース ファイル</Filter>
    </ClCompile>
    <ClCompile Include="Code\Source\Framework\Core\Application.cpp">
      <Filter>ソース ファイル\Framework\Core</Filter>
    </ClCompile>
    <ClCompile Include="Code\Source\Framework\Core\D3D11System.cpp">
      <Filter>ソース ファイル\Framework\Core</Filter>
    </ClCompile>
    <ClCompile Include="Code\Source\Framework\Core\GameLoop.cpp">
      <Filter>ソース ファイル\Framework\Core</Filter>
    </ClCompile>
    <ClCompile Include="Code\Source\Framework\Entities\GameObjectManager.cpp">
      <Filter>ソース ファイル\Framework\Core</Filter>
    </ClCompile>
    <ClCompile Include="Code\Source\Framework\Core\InputSystem.cpp">
      <Filter>ソース ファイル\Framework\Core</Filter>
    </ClCompile>
    <ClCompile Include="Code\Source\Framework\Core\WindowsSystem.cpp">
      <Filter>ソース ファイル\Framework\Core</Filter>
    </ClCompile>
    <ClCompile Include="Code\Source\Framework\Core\RenderSystem.cpp">
      <Filter>ソース ファイル\Framework\Core</Filter>
    </ClCompile>
    <ClCompile Include="Code\Source\Framework\Utils\DebugHooks.cpp">
      <Filter>ソース ファイル\Framework\Utils</Filter>
    </ClCompile>
    <ClCompile Include="Code\Source\Framework\Core\DirectinputDevice.cpp">
      <Filter>ソース ファイル\Framework\Core</Filter>
    </ClCompile>
    <ClCompile Include="Code\Source\Framework\Scenes\BaseScene.cpp">
      <Filter>ソース ファイル\Framework\Scenes</Filter>
    </ClCompile>
    <ClCompile Include="Code\Source\Framework\Entities\Camera2D.cpp">
      <Filter>ソース ファイル\Framework\Entities</Filter>
    </ClCompile>
    <ClCompile Include="Code\Source\Framework\Entities\GameObject.cpp">
      <Filter>ソース ファイル\Framework\Entities</Filter>
    </ClCompile>
    <ClCompile Include="Code\Source\Framework\Shaders\PixelShader.cpp">
      <Filter>ソース ファイル\Framework\Shaders</Filter>
    </ClCompile>
    <ClCompile Include="Code\Source\Framework\Shaders\VertexShader.cpp">
      <Filter>ソース ファイル\Framework\Shaders</Filter>
    </ClCompile>
    <ClCompile Include="Code\Source\Framework\Shaders\ShaderBase.cpp">
      <Filter>ソース ファイル\Framework\Shaders</Filter>
    </ClCompile>
    <ClCompile Include="Code\Source\Framework\Shaders\ShaderManager.cpp">
      <Filter>ソース ファイル\Framework\Shaders</Filter>
    </ClCompile>
    <ClCompile Include="Code\Source\Framework\Scenes\SceneFactory.cpp">
      <Filter>ソース ファイル\Framework\Scenes</Filter>
    </ClCompile>
    <ClCompile Include="Code\Source\Scenes\SceneManager.cpp">
      <Filter>ソース ファイル\Framework\Scenes</Filter>
    </ClCompile>
    <ClCompile Include="Code\Source\Framework\Graphics\SpriteManager.cpp">
      <Filter>ソース ファイル\Framework\Graphics</Filter>
    </ClCompile>
    <ClCompile Include="Code\Source\Tests\TestMoveComponent.cpp">
      <Filter>ソース ファイル\Test</Filter>
    </ClCompile>
    <ClCompile Include="Code\Source\Tests\TestTransformInitialization.cpp">
      <Filter>ソース ファイル\Test</Filter>
    </ClCompile>
    <ClCompile Include="Code\Source\Scenes\TestScene.cpp">
      <Filter>ソース ファイル\Test</Filter>
    </ClCompile>
    <ClCompile Include="Code\Source\Framework\Entities\TestRenderer.cpp">
      <Filter>ソース ファイル\Test</Filter>
    </ClCompile>
    <ClCompile Include="Code\Source\Scenes\TitleScene.cpp">
      <Filter>ソース ファイル\Framework\Scenes</Filter>
    </ClCompile>
    <ClCompile Include="Code\Source\Framework\Entities\Transform.cpp">
      <Filter>ソース ファイル\Framework\Entities</Filter>
    </ClCompile>
    <ClCompile Include="Code\Source\Framework\Entities\Component.cpp">
      <Filter>ソース ファイル\Framework\Entities</Filter>
    </ClCompile>
    <ClCompile Include="Code\Source\Framework\Entities\SpriteComponent.cpp">
      <Filter>ソース ファイル\Framework\Entities</Filter>
    </ClCompile>
    <ClCompile Include="Code\Source\Framework\Graphics\BufferBase.cpp">
      <Filter>ソース ファイル\Framework\Graphics</Filter>
    </ClCompile>
    <ClCompile Include="Code\Source\Framework\Graphics\IndexBuffer.cpp">
      <Filter>ソース ファイル\Framework\Graphics</Filter>
    </ClCompile>
    <ClCompile Include="Code\Source\Framework\Graphics\VertexBuffer.cpp">
      <Filter>ソース ファイル\Framework\Graphics</Filter>
    </ClCompile>
    <ClCompile Include="Code\Source\Framework\Shaders\ShaderCommon.cpp">
      <Filter>ソース ファイル\Framework\Shaders</Filter>
    </ClCompile>
    <ClCompile Include="Code\Source\Framework\Graphics\MaterialManager.cpp">
      <Filter>ソース ファイル\Framework\Graphics</Filter>
    </ClCompile>
    <ClCompile Include="Code\Source\Framework\Entities\MaterialComponent.cpp">
      <Filter>ソース ファイル\Framework\Entities</Filter>
    </ClCompile>
    <ClCompile Include="Code\Source\Framework\Entities\SpriteRenderer.cpp">
      <Filter>ソース ファイル\Framework\Entities</Filter>
    </ClCompile>
    <ClCompile Include="Code\Source\Framework\Entities\Camera3D.cpp">
      <Filter>ソース ファイル\Framework\Entities</Filter>
    </ClCompile>
    <ClCompile Include="Code\Source\Framework\Entities\MeshRenderer.cpp">
      <Filter>ソース ファイル\Framework\Entities</Filter>
    </ClCompile>
    <ClCompile Include="Code\Source\Framework\Graphics\MeshManager.cpp">
      <Filter>ソース ファイル\Framework\Graphics</Filter>
    </ClCompile>
    <ClCompile Include="Code\Source\Framework\Graphics\TextureLoader.cpp">
      <Filter>ソース ファイル\Framework\Graphics</Filter>
    </ClCompile>
    <ClCompile Include="Code\Source\Framework\Graphics\Mesh.cpp">
      <Filter>ソース ファイル\Framework\Graphics</Filter>
    </ClCompile>
    <ClCompile Include="Code\Source\Framework\Entities\MeshComponent.cpp">
      <Filter>ソース ファイル\Framework\Graphics</Filter>
    </ClCompile>
    <ClCompile Include="Code\Source\Framework\Graphics\ModelImporter.cpp">
      <Filter>ソース ファイル\Framework\Graphics</Filter>
    </ClCompile>
    <ClCompile Include="Code\Source\Game\Entities\CharacterController.cpp">
      <Filter>ソース ファイル\Framework\Game\Entities</Filter>
    </ClCompile>
    <ClCompile Include="Code\Source\Game\Entities\FollowCamera.cpp">
      <Filter>ソース ファイル\Framework\Game\Entities</Filter>
    </ClCompile>
    <ClCompile Include="Code\Source\Game\Entities\CameraLookComponent.cpp">
      <Filter>ソース ファイル\Framework\Game\Entities</Filter>
    </ClCompile>
    <ClCompile Include="Code\Source\Framework\Core\TimeSystem.cpp">
      <Filter>ソース ファイル\Framework\Core</Filter>
    </ClCompile>
    <ClCompile Include="Code\Source\Framework\Core\TimeScaleSystem.cpp">
      <Filter>ソース ファイル\Framework\Core</Filter>
    </ClCompile>
    <ClCompile Include="Code\Source\Tests\FreeMoveTestComponent.cpp">
      <Filter>ソース ファイル\Test</Filter>
    </ClCompile>
    <ClCompile Include="Code\Source\Tests\TimeScaleTestComponent.cpp">
      <Filter>ソース ファイル\Test</Filter>
    </ClCompile>
    <ClCompile Include="Code\Source\Framework\Entities\TimeScaleComponent.cpp">
      <Filter>ソース ファイル\Framework\Entities</Filter>
    </ClCompile>
  </ItemGroup>
  <ItemGroup>
    <None Include="Code\Shaders\Common.hlsli">
      <Filter>リソース ファイル</Filter>
    </None>
  </ItemGroup>
  <ItemGroup>
    <FxCompile Include="Code\Shaders\PixelShader\PS_Test.hlsl">
      <Filter>リソース ファイル\PixelShader</Filter>
    </FxCompile>
    <FxCompile Include="Code\Shaders\VertexShader\VS_Test.hlsl">
      <Filter>リソース ファイル\VertexShader</Filter>
    </FxCompile>
    <FxCompile Include="Code\Shaders\PixelShader\PS_Model.hlsl">
      <Filter>リソース ファイル\PixelShader</Filter>
    </FxCompile>
    <FxCompile Include="Code\Shaders\PixelShader\PS_ModelTest.hlsl">
      <Filter>リソース ファイル\PixelShader</Filter>
    </FxCompile>
    <FxCompile Include="Code\Shaders\VertexShader\VS_Model.hlsl">
      <Filter>リソース ファイル\VertexShader</Filter>
    </FxCompile>
    <FxCompile Include="Code\Shaders\VertexShader\VS_ModelTest.hlsl">
      <Filter>リソース ファイル\VertexShader</Filter>
    </FxCompile>
  </ItemGroup>
</Project>